Microsoft Visual Studio Solution File, Format Version 12.00
# Visual Studio Version 17
VisualStudioVersion = 17.5.2.0
MinimumVisualStudioVersion = 10.0.40219.1
Project("{FAE04EC0-301F-11D3-BF4B-00C04F79EFBC}") = "the-chat-game", "api\the-chat-game.csproj", "{396F4E68-846C-EDBB-DD83-813F02D45466}"
EndProject
Global
	GlobalSection(SolutionConfigurationPlatforms) = preSolution
		Debug|Any CPU = Debug|Any CPU
		Release|Any CPU = Release|Any CPU
	EndGlobalSection
	GlobalSection(ProjectConfigurationPlatforms) = postSolution
		{396F4E68-846C-EDBB-DD83-813F02D45466}.Debug|Any CPU.ActiveCfg = Debug|Any CPU
		{396F4E68-846C-EDBB-DD83-813F02D45466}.Debug|Any CPU.Build.0 = Debug|Any CPU
		{396F4E68-846C-EDBB-DD83-813F02D45466}.Release|Any CPU.ActiveCfg = Release|Any CPU
		{396F4E68-846C-EDBB-DD83-813F02D45466}.Release|Any CPU.Build.0 = Release|Any CPU
	EndGlobalSection
	GlobalSection(SolutionProperties) = preSolution
		HideSolutionNode = FALSE
	EndGlobalSection
	GlobalSection(ExtensibilityGlobals) = postSolution
		SolutionGuid = {1CC0DE47-3B96-43D2-8F19-1F0C04070F56}
	EndGlobalSection
EndGlobal
